
Microsoft Visual Studio Solution File, Format Version 12.00
# Visual Studio Version 16
VisualStudioVersion = 16.0.31321.278
MinimumVisualStudioVersion = 10.0.40219.1
Project("{FAE04EC0-301F-11D3-BF4B-00C04F79EFBC}") = "One.Core", "One.Core\One.Core.csproj", "{3765EE22-BCC7-416E-965C-101465F4B05E}"
EndProject
Project("{FAE04EC0-301F-11D3-BF4B-00C04F79EFBC}") = "One.Helper", "One.Helper\One.Helper.csproj", "{C209D7A2-ABF3-4CAB-8263-B78D7681E0A4}"
EndProject
Project("{FAE04EC0-301F-11D3-BF4B-00C04F79EFBC}") = "One.Infrastructure", "One.Infrastructure\One.Infrastructure.csproj", "{3B6A7D2C-8D52-461F-AF71-E61BA3CB5A39}"
EndProject
Global
	GlobalSection(SolutionConfigurationPlatforms) = preSolution
		Debug|Any CPU = Debug|Any CPU
		Release|Any CPU = Release|Any CPU
	EndGlobalSection
	GlobalSection(ProjectConfigurationPlatforms) = postSolution
		{3765EE22-BCC7-416E-965C-101465F4B05E}.Debug|Any CPU.ActiveCfg = Debug|Any CPU
		{3765EE22-BCC7-416E-965C-101465F4B05E}.Debug|Any CPU.Build.0 = Debug|Any CPU
		{3765EE22-BCC7-416E-965C-101465F4B05E}.Release|Any CPU.ActiveCfg = Release|Any CPU
		{3765EE22-BCC7-416E-965C-101465F4B05E}.Release|Any CPU.Build.0 = Release|Any CPU
		{C209D7A2-ABF3-4CAB-8263-B78D7681E0A4}.Debug|Any CPU.ActiveCfg = Debug|Any CPU
		{C209D7A2-ABF3-4CAB-8263-B78D7681E0A4}.Debug|Any CPU.Build.0 = Debug|Any CPU
		{C209D7A2-ABF3-4CAB-8263-B78D7681E0A4}.Release|Any CPU.ActiveCfg = Release|Any CPU
		{C209D7A2-ABF3-4CAB-8263-B78D7681E0A4}.Release|Any CPU.Build.0 = Release|Any CPU
		{3B6A7D2C-8D52-461F-AF71-E61BA3CB5A39}.Debug|Any CPU.ActiveCfg = Debug|Any CPU
		{3B6A7D2C-8D52-461F-AF71-E61BA3CB5A39}.Debug|Any CPU.Build.0 = Debug|Any CPU
		{3B6A7D2C-8D52-461F-AF71-E61BA3CB5A39}.Release|Any CPU.ActiveCfg = Release|Any CPU
		{3B6A7D2C-8D52-461F-AF71-E61BA3CB5A39}.Release|Any CPU.Build.0 = Release|Any CPU
	EndGlobalSection
	GlobalSection(SolutionProperties) = preSolution
		HideSolutionNode = FALSE
	EndGlobalSection
	GlobalSection(ExtensibilityGlobals) = postSolution
		SolutionGuid = {6F9DE0FD-9C6A-4BDC-A824-6B8F3C162116}
	EndGlobalSection
EndGlobal
